
Microsoft Visual Studio Solution File, Format Version 12.00
# Visual Studio Version 16
VisualStudioVersion = 16.0.31105.61
MinimumVisualStudioVersion = 10.0.40219.1
Project("{FAE04EC0-301F-11D3-BF4B-00C04F79EFBC}") = "StarWarsWiki.Android", "StarWarsWiki\StarWarsWiki.Android\StarWarsWiki.Android.csproj", "{B2C72142-761F-491D-BC44-726B4FD11A46}"
EndProject
Project("{FAE04EC0-301F-11D3-BF4B-00C04F79EFBC}") = "StarWarsWiki.iOS", "StarWarsWiki\StarWarsWiki.iOS\StarWarsWiki.iOS.csproj", "{7C4AA0A0-90AA-4301-BD65-9755816418BA}"
EndProject
Project("{FAE04EC0-301F-11D3-BF4B-00C04F79EFBC}") = "StarWarsWiki", "StarWarsWiki\StarWarsWiki\StarWarsWiki.csproj", "{F7BE3EB5-0F9A-40BC-A85F-168725DC975A}"
EndProject
Global
	GlobalSection(SolutionConfigurationPlatforms) = preSolution
		Debug|Any CPU = Debug|Any CPU
		Debug|iPhone = Debug|iPhone
		Debug|iPhoneSimulator = Debug|iPhoneSimulator
		Release|Any CPU = Release|Any CPU
		Release|iPhone = Release|iPhone
		Release|iPhoneSimulator = Release|iPhoneSimulator
	EndGlobalSection
	GlobalSection(ProjectConfigurationPlatforms) = postSolution
		{B2C72142-761F-491D-BC44-726B4FD11A46}.Debug|Any CPU.ActiveCfg = Debug|Any CPU
		{B2C72142-761F-491D-BC44-726B4FD11A46}.Debug|Any CPU.Build.0 = Debug|Any CPU
		{B2C72142-761F-491D-BC44-726B4FD11A46}.Debug|Any CPU.Deploy.0 = Debug|Any CPU
		{B2C72142-761F-491D-BC44-726B4FD11A46}.Debug|iPhone.ActiveCfg = Debug|Any CPU
		{B2C72142-761F-491D-BC44-726B4FD11A46}.Debug|iPhone.Build.0 = Debug|Any CPU
		{B2C72142-761F-491D-BC44-726B4FD11A46}.Debug|iPhone.Deploy.0 = Debug|Any CPU
		{B2C72142-761F-491D-BC44-726B4FD11A46}.Debug|iPhoneSimulator.ActiveCfg = Debug|Any CPU
		{B2C72142-761F-491D-BC44-726B4FD11A46}.Debug|iPhoneSimulator.Build.0 = Debug|Any CPU
		{B2C72142-761F-491D-BC44-726B4FD11A46}.Debug|iPhoneSimulator.Deploy.0 = Debug|Any CPU
		{B2C72142-761F-491D-BC44-726B4FD11A46}.Release|Any CPU.ActiveCfg = Release|Any CPU
		{B2C72142-761F-491D-BC44-726B4FD11A46}.Release|Any CPU.Build.0 = Release|Any CPU
		{B2C72142-761F-491D-BC44-726B4FD11A46}.Release|Any CPU.Deploy.0 = Release|Any CPU
		{B2C72142-761F-491D-BC44-726B4FD11A46}.Release|iPhone.ActiveCfg = Release|Any CPU
		{B2C72142-761F-491D-BC44-726B4FD11A46}.Release|iPhone.Build.0 = Release|Any CPU
		{B2C72142-761F-491D-BC44-726B4FD11A46}.Release|iPhone.Deploy.0 = Release|Any CPU
		{B2C72142-761F-491D-BC44-726B4FD11A46}.Release|iPhoneSimulator.ActiveCfg = Release|Any CPU
		{B2C72142-761F-491D-BC44-726B4FD11A46}.Release|iPhoneSimulator.Build.0 = Release|Any CPU
		{B2C72142-761F-491D-BC44-726B4FD11A46}.Release|iPhoneSimulator.Deploy.0 = Release|Any CPU
		{7C4AA0A0-90AA-4301-BD65-9755816418BA}.Debug|Any CPU.ActiveCfg = Debug|iPhone
		{7C4AA0A0-90AA-4301-BD65-9755816418BA}.Debug|Any CPU.Build.0 = Debug|iPhone
		{7C4AA0A0-90AA-4301-BD65-9755816418BA}.Debug|Any CPU.Deploy.0 = Debug|iPhone
		{7C4AA0A0-90AA-4301-BD65-9755816418BA}.Debug|iPhone.ActiveCfg = Debug|iPhone
		{7C4AA0A0-90AA-4301-BD65-9755816418BA}.Debug|iPhone.Build.0 = Debug|iPhone
		{7C4AA0A0-90AA-4301-BD65-9755816418BA}.Debug|iPhone.Deploy.0 = Debug|iPhone
		{7C4AA0A0-90AA-4301-BD65-9755816418BA}.Debug|iPhoneSimulator.ActiveCfg = Debug|iPhoneSimulator
		{7C4AA0A0-90AA-4301-BD65-9755816418BA}.Debug|iPhoneSimulator.Build.0 = Debug|iPhoneSimulator
		{7C4AA0A0-90AA-4301-BD65-9755816418BA}.Debug|iPhoneSimulator.Deploy.0 = Debug|iPhoneSimulator
		{7C4AA0A0-90AA-4301-BD65-9755816418BA}.Release|Any CPU.ActiveCfg = Release|iPhoneSimulator
		{7C4AA0A0-90AA-4301-BD65-9755816418BA}.Release|Any CPU.Build.0 = Release|iPhoneSimulator
		{7C4AA0A0-90AA-4301-BD65-9755816418BA}.Release|Any CPU.Deploy.0 = Release|iPhoneSimulator
		{7C4AA0A0-90AA-4301-BD65-9755816418BA}.Release|iPhone.ActiveCfg = Release|iPhone
		{7C4AA0A0-90AA-4301-BD65-9755816418BA}.Release|iPhone.Build.0 = Release|iPhone
		{7C4AA0A0-90AA-4301-BD65-9755816418BA}.Release|iPhone.Deploy.0 = Release|iPhone
		{7C4AA0A0-90AA-4301-BD65-9755816418BA}.Release|iPhoneSimulator.ActiveCfg = Release|iPhoneSimulator
		{7C4AA0A0-90AA-4301-BD65-9755816418BA}.Release|iPhoneSimulator.Build.0 = Release|iPhoneSimulator
		{7C4AA0A0-90AA-4301-BD65-9755816418BA}.Release|iPhoneSimulator.Deploy.0 = Release|iPhoneSimulator
		{F7BE3EB5-0F9A-40BC-A85F-168725DC975A}.Debug|Any CPU.ActiveCfg = Debug|Any CPU
		{F7BE3EB5-0F9A-40BC-A85F-168725DC975A}.Debug|Any CPU.Build.0 = Debug|Any CPU
		{F7BE3EB5-0F9A-40BC-A85F-168725DC975A}.Debug|Any CPU.Deploy.0 = Debug|Any CPU
		{F7BE3EB5-0F9A-40BC-A85F-168725DC975A}.Debug|iPhone.ActiveCfg = Debug|Any CPU
		{F7BE3EB5-0F9A-40BC-A85F-168725DC975A}.Debug|iPhone.Build.0 = Debug|Any CPU
		{F7BE3EB5-0F9A-40BC-A85F-168725DC975A}.Debug|iPhone.Deploy.0 = Debug|Any CPU
		{F7BE3EB5-0F9A-40BC-A85F-168725DC975A}.Debug|iPhoneSimulator.ActiveCfg = Debug|Any CPU
		{F7BE3EB5-0F9A-40BC-A85F-168725DC975A}.Debug|iPhoneSimulator.Build.0 = Debug|Any CPU
		{F7BE3EB5-0F9A-40BC-A85F-168725DC975A}.Debug|iPhoneSimulator.Deploy.0 = Debug|Any CPU
		{F7BE3EB5-0F9A-40BC-A85F-168725DC975A}.Release|Any CPU.ActiveCfg = Release|Any CPU
		{F7BE3EB5-0F9A-40BC-A85F-168725DC975A}.Release|Any CPU.Build.0 = Release|Any CPU
		{F7BE3EB5-0F9A-40BC-A85F-168725DC975A}.Release|Any CPU.Deploy.0 = Release|Any CPU
		{F7BE3EB5-0F9A-40BC-A85F-168725DC975A}.Release|iPhone.ActiveCfg = Release|Any CPU
		{F7BE3EB5-0F9A-40BC-A85F-168725DC975A}.Release|iPhone.Build.0 = Release|Any CPU
		{F7BE3EB5-0F9A-40BC-A85F-168725DC975A}.Release|iPhone.Deploy.0 = Release|Any CPU
		{F7BE3EB5-0F9A-40BC-A85F-168725DC975A}.Release|iPhoneSimulator.ActiveCfg = Release|Any CPU
		{F7BE3EB5-0F9A-40BC-A85F-168725DC975A}.Release|iPhoneSimulator.Build.0 = Release|Any CPU
		{F7BE3EB5-0F9A-40BC-A85F-168725DC975A}.Release|iPhoneSimulator.Deploy.0 = Release|Any CPU
	EndGlobalSection
	GlobalSection(SolutionProperties) = preSolution
		HideSolutionNode = FALSE
	EndGlobalSection
	GlobalSection(ExtensibilityGlobals) = postSolution
		SolutionGuid = {505CF3B1-58B3-46DD-9EC4-E9C8F7CB88B8}
	EndGlobalSection
EndGlobal
